// !$*UTF8*$!
{
	archiveVersion = 1;
	classes = {
	};
	objectVersion = 46;
	objects = {

/* Begin PBXBuildFile section */
		2F70A264D23869069DD7D3C0 /* Pods_bicycleMapApp.framework in Frameworks */ = {isa = PBXBuildFile; fileRef = 63B4C6143D0EA628D88ED6C9 /* Pods_bicycleMapApp.framework */; };
		68A62EF11DE076140079FD05 /* AppDelegate.swift in Sources */ = {isa = PBXBuildFile; fileRef = 68A62EF01DE076140079FD05 /* AppDelegate.swift */; };
		68A62EF31DE076140079FD05 /* ViewController.swift in Sources */ = {isa = PBXBuildFile; fileRef = 68A62EF21DE076140079FD05 /* ViewController.swift */; };
		68A62EF61DE076140079FD05 /* Main.storyboard in Resources */ = {isa = PBXBuildFile; fileRef = 68A62EF41DE076140079FD05 /* Main.storyboard */; };
		68A62EF81DE076140079FD05 /* Assets.xcassets in Resources */ = {isa = PBXBuildFile; fileRef = 68A62EF71DE076140079FD05 /* Assets.xcassets */; };
		68A62EFB1DE076140079FD05 /* LaunchScreen.storyboard in Resources */ = {isa = PBXBuildFile; fileRef = 68A62EF91DE076140079FD05 /* LaunchScreen.storyboard */; };
/* End PBXBuildFile section */

/* Begin PBXFileReference section */
		426CA345F284BDB357520A75 /* Pods-bicycleMapApp.debug.xcconfig */ = {isa = PBXFileReference; includeInIndex = 1; lastKnownFileType = text.xcconfig; name = "Pods-bicycleMapApp.debug.xcconfig"; path = "Pods/Target Support Files/Pods-bicycleMapApp/Pods-bicycleMapApp.debug.xcconfig"; sourceTree = "<group>"; };
		63B4C6143D0EA628D88ED6C9 /* Pods_bicycleMapApp.framework */ = {isa = PBXFileReference; explicitFileType = wrapper.framework; includeInIndex = 0; path = Pods_bicycleMapApp.framework; sourceTree = BUILT_PRODUCTS_DIR; };
		68A62EED1DE076140079FD05 /* bicycleMapApp.app */ = {isa = PBXFileReference; explicitFileType = wrapper.application; includeInIndex = 0; path = bicycleMapApp.app; sourceTree = BUILT_PRODUCTS_DIR; };
		68A62EF01DE076140079FD05 /* AppDelegate.swift */ = {isa = PBXFileReference; lastKnownFileType = sourcecode.swift; path = AppDelegate.swift; sourceTree = "<group>"; };
		68A62EF21DE076140079FD05 /* ViewController.swift */ = {isa = PBXFileReference; lastKnownFileType = sourcecode.swift; path = ViewController.swift; sourceTree = "<group>"; };
		68A62EF51DE076140079FD05 /* Base */ = {isa = PBXFileReference; lastKnownFileType = file.storyboard; name = Base; path = Base.lproj/Main.storyboard; sourceTree = "<group>"; };
		68A62EF71DE076140079FD05 /* Assets.xcassets */ = {isa = PBXFileReference; lastKnownFileType = folder.assetcatalog; path = Assets.xcassets; sourceTree = "<group>"; };
		68A62EFA1DE076140079FD05 /* Base */ = {isa = PBXFileReference; lastKnownFileType = file.storyboard; name = Base; path = Base.lproj/LaunchScreen.storyboard; sourceTree = "<group>"; };
		68A62EFC1DE076140079FD05 /* Info.plist */ = {isa = PBXFileReference; lastKnownFileType = text.plist.xml; path = Info.plist; sourceTree = "<group>"; };
		907711233AC46272F1210C33 /* Pods-bicycleMapApp.release.xcconfig */ = {isa = PBXFileReference; includeInIndex = 1; lastKnownFileType = text.xcconfig; name = "Pods-bicycleMapApp.release.xcconfig"; path = "Pods/Target Support Files/Pods-bicycleMapApp/Pods-bicycleMapApp.release.xcconfig"; sourceTree = "<group>"; };
/* End PBXFileReference section */

/* Begin PBXFrameworksBuildPhase section */
		68A62EEA1DE076140079FD05 /* Frameworks */ = {
			isa = PBXFrameworksBuildPhase;
			buildActionMask = 2147483647;
			files = (
				2F70A264D23869069DD7D3C0 /* Pods_bicycleMapApp.framework in Frameworks */,
			);
			runOnlyForDeploymentPostprocessing = 0;
		};
/* End PBXFrameworksBuildPhase section */

/* Begin PBXGroup section */
		68A62EE41DE076140079FD05 = {
			isa = PBXGroup;
			children = (
				68A62EEF1DE076140079FD05 /* bicycleMapApp */,
				68A62EEE1DE076140079FD05 /* Products */,
				9A8C5B7A17069546E68B099A /* Pods */,
				EA5FEA52B06E0F01BBEAC286 /* Frameworks */,
			);
			sourceTree = "<group>";
		};
		68A62EEE1DE076140079FD05 /* Products */ = {
			isa = PBXGroup;
			children = (
				68A62EED1DE076140079FD05 /* bicycleMapApp.app */,
			);
			name = Products;
			sourceTree = "<group>";
		};
		68A62EEF1DE076140079FD05 /* bicycleMapApp */ = {
			isa = PBXGroup;
			children = (
				68A62EF01DE076140079FD05 /* AppDelegate.swift */,
				68A62EF21DE076140079FD05 /* ViewController.swift */,
				68A62EF41DE076140079FD05 /* Main.storyboard */,
				68A62EF71DE076140079FD05 /* Assets.xcassets */,
				68A62EF91DE076140079FD05 /* LaunchScreen.storyboard */,
				68A62EFC1DE076140079FD05 /* Info.plist */,
			);
			path = bicycleMapApp;
			sourceTree = "<group>";
		};
		9A8C5B7A17069546E68B099A /* Pods */ = {
			isa = PBXGroup;
			children = (
				426CA345F284BDB357520A75 /* Pods-bicycleMapApp.debug.xcconfig */,
				907711233AC46272F1210C33 /* Pods-bicycleMapApp.release.xcconfig */,
			);
			name = Pods;
			sourceTree = "<group>";
		};
		EA5FEA52B06E0F01BBEAC286 /* Frameworks */ = {
			isa = PBXGroup;
			children = (
				63B4C6143D0EA628D88ED6C9 /* Pods_bicycleMapApp.framework */,
			);
			name = Frameworks;
			sourceTree = "<group>";
		};
/* End PBXGroup section */

/* Begin PBXNativeTarget section */
		68A62EEC1DE076140079FD05 /* bicycleMapApp */ = {
			isa = PBXNativeTarget;
			buildConfigurationList = 68A62EFF1DE076140079FD05 /* Build configuration list for PBXNativeTarget "bicycleMapApp" */;
			buildPhases = (
				3BE059B8CEAD389D750060F5 /* [CP] Check Pods Manifest.lock */,
				68A62EE91DE076140079FD05 /* Sources */,
				68A62EEA1DE076140079FD05 /* Frameworks */,
				68A62EEB1DE076140079FD05 /* Resources */,
				B0B8D7E2766EA0F069F00A55 /* [CP] Embed Pods Frameworks */,
				B5AF236DCF18E44DA5C5FD8C /* [CP] Copy Pods Resources */,
			);
			buildRules = (
			);
			dependencies = (
			);
			name = bicycleMapApp;
			productName = bicycleMapApp;
			productReference = 68A62EED1DE076140079FD05 /* bicycleMapApp.app */;
			productType = "com.apple.product-type.application";
		};
/* End PBXNativeTarget section */

/* Begin PBXProject section */
		68A62EE51DE076140079FD05 /* Project object */ = {
			isa = PBXProject;
			attributes = {
				LastSwiftUpdateCheck = 0810;
				LastUpgradeCheck = 0810;
				ORGANIZATIONNAME = "田中潤";
				TargetAttributes = {
					68A62EEC1DE076140079FD05 = {
						CreatedOnToolsVersion = 8.1;
						ProvisioningStyle = Automatic;
					};
				};
			};
			buildConfigurationList = 68A62EE81DE076140079FD05 /* Build configuration list for PBXProject "bicycleMapApp" */;
			compatibilityVersion = "Xcode 3.2";
			developmentRegion = English;
			hasScannedForEncodings = 0;
			knownRegions = (
				en,
				Base,
			);
			mainGroup = 68A62EE41DE076140079FD05;
			productRefGroup = 68A62EEE1DE076140079FD05 /* Products */;
			projectDirPath = "";
			projectRoot = "";
			targets = (
				68A62EEC1DE076140079FD05 /* bicycleMapApp */,
			);
		};
/* End PBXProject section */

/* Begin PBXResourcesBuildPhase section */
		68A62EEB1DE076140079FD05 /* Resources */ = {
			isa = PBXResourcesBuildPhase;
			buildActionMask = 2147483647;
			files = (
				68A62EFB1DE076140079FD05 /* LaunchScreen.storyboard in Resources */,
				68A62EF81DE076140079FD05 /* Assets.xcassets in Resources */,
				68A62EF61DE076140079FD05 /* Main.storyboard in Resources */,
			);
			runOnlyForDeploymentPostprocessing = 0;
		};
/* End PBXResourcesBuildPhase section */

/* Begin PBXShellScriptBuildPhase section */
		3BE059B8CEAD389D750060F5 /* [CP] Check Pods Manifest.lock */ = {
			isa = PBXShellScriptBuildPhase;
			buildActionMask = 2147483647;
			files = (
			);
			inputPaths = (
			);
			name = "[CP] Check Pods Manifest.lock";
			outputPaths = (
			);
			runOnlyForDeploymentPostprocessing = 0;
			shellPath = /bin/sh;
			shellScript = "diff \"${PODS_ROOT}/../Podfile.lock\" \"${PODS_ROOT}/Manifest.lock\" > /dev/null\nif [ $? != 0 ] ; then\n    # print error to STDERR\n    echo \"error: The sandbox is not in sync with the Podfile.lock. Run 'pod install' or update your CocoaPods installation.\" >&2\n    exit 1\nfi\n";
			showEnvVarsInLog = 0;
		};
		B0B8D7E2766EA0F069F00A55 /* [CP] Embed Pods Frameworks */ = {
			isa = PBXShellScriptBuildPhase;
			buildActionMask = 2147483647;
			files = (
			);
			inputPaths = (
			);
			name = "[CP] Embed Pods Frameworks";
			outputPaths = (
			);
			runOnlyForDeploymentPostprocessing = 0;
			shellPath = /bin/sh;
			shellScript = "\"${SRCROOT}/Pods/Target Support Files/Pods-bicycleMapApp/Pods-bicycleMapApp-frameworks.sh\"\n";
			showEnvVarsInLog = 0;
		};
		B5AF236DCF18E44DA5C5FD8C /* [CP] Copy Pods Resources */ = {
			isa = PBXShellScriptBuildPhase;
			buildActionMask = 2147483647;
			files = (
			);
			inputPaths = (
			);
			name = "[CP] Copy Pods Resources";
			outputPaths = (
			);
			runOnlyForDeploymentPostprocessing = 0;
			shellPath = /bin/sh;
			shellScript = "\"${SRCROOT}/Pods/Target Support Files/Pods-bicycleMapApp/Pods-bicycleMapApp-resources.sh\"\n";
			showEnvVarsInLog = 0;
		};
/* End PBXShellScriptBuildPhase section */

/* Begin PBXSourcesBuildPhase section */
		68A62EE91DE076140079FD05 /* Sources */ = {
			isa = PBXSourcesBuildPhase;
			buildActionMask = 2147483647;
			files = (
				68A62EF31DE076140079FD05 /* ViewController.swift in Sources */,
				68A62EF11DE076140079FD05 /* AppDelegate.swift in Sources */,
			);
			runOnlyForDeploymentPostprocessing = 0;
		};
/* End PBXSourcesBuildPhase section */

/* Begin PBXVariantGroup section */
		68A62EF41DE076140079FD05 /* Main.storyboard */ = {
			isa = PBXVariantGroup;
			children = (
				68A62EF51DE076140079FD05 /* Base */,
			);
			name = Main.storyboard;
			sourceTree = "<group>";
		};
		68A62EF91DE076140079FD05 /* LaunchScreen.storyboard */ = {
			isa = PBXVariantGroup;
			children = (
				68A62EFA1DE076140079FD05 /* Base */,
			);
			name = LaunchScreen.storyboard;
			sourceTree = "<group>";
		};
/* End PBXVariantGroup section */

/* Begin XCBuildConfiguration section */
		68A62EFD1DE076140079FD05 /* Debug */ = {
			isa = XCBuildConfiguration;
			buildSettings = {
				ALWAYS_SEARCH_USER_PATHS = NO;
				CLANG_ANALYZER_NONNULL = YES;
				CLANG_CXX_LANGUAGE_STANDARD = "gnu++0x";
				CLANG_CXX_LIBRARY = "libc++";
				CLANG_ENABLE_MODULES = YES;
				CLANG_ENABLE_OBJC_ARC = YES;
				CLANG_WARN_BOOL_CONVERSION = YES;
				CLANG_WARN_CONSTANT_CONVERSION = YES;
				CLANG_WARN_DIRECT_OBJC_ISA_USAGE = YES_ERROR;
				CLANG_WARN_DOCUMENTATION_COMMENTS = YES;
				CLANG_WARN_EMPTY_BODY = YES;
				CLANG_WARN_ENUM_CONVERSION = YES;
				CLANG_WARN_INFINITE_RECURSION = YES;
				CLANG_WARN_INT_CONVERSION = YES;
				CLANG_WARN_OBJC_ROOT_CLASS = YES_ERROR;
				CLANG_WARN_SUSPICIOUS_MOVE = YES;
				CLANG_WARN_SUSPICIOUS_MOVES = YES;
				CLANG_WARN_UNREACHABLE_CODE = YES;
				CLANG_WARN__DUPLICATE_METHOD_MATCH = YES;
				"CODE_SIGN_IDENTITY[sdk=iphoneos*]" = "iPhone Developer";
				COPY_PHASE_STRIP = NO;
				DEBUG_INFORMATION_FORMAT = dwarf;
				ENABLE_STRICT_OBJC_MSGSEND = YES;
				ENABLE_TESTABILITY = YES;
				GCC_C_LANGUAGE_STANDARD = gnu99;
				GCC_DYNAMIC_NO_PIC = NO;
				GCC_NO_COMMON_BLOCKS = YES;
				GCC_OPTIMIZATION_LEVEL = 0;
				GCC_PREPROCESSOR_DEFINITIONS = (
					"DEBUG=1",
					"$(inherited)",
				);
				GCC_WARN_64_TO_32_BIT_CONVERSION = YES;
				GCC_WARN_ABOUT_RETURN_TYPE = YES_ERROR;
				GCC_WARN_UNDECLARED_SELECTOR = YES;
				GCC_WARN_UNINITIALIZED_AUTOS = YES_AGGRESSIVE;
				GCC_WARN_UNUSED_FUNCTION = YES;
				GCC_WARN_UNUSED_VARIABLE = YES;
				IPHONEOS_DEPLOYMENT_TARGET = 10.1;
				MTL_ENABLE_DEBUG_INFO = YES;
				ONLY_ACTIVE_ARCH = YES;
				SDKROOT = iphoneos;
				SWIFT_ACTIVE_COMPILATION_CONDITIONS = DEBUG;
				SWIFT_OPTIMIZATION_LEVEL = "-Onone";
			};
			name = Debug;
		};
		68A62EFE1DE076140079FD05 /* Release */ = {
			isa = XCBuildConfiguration;
			buildSettings = {
				ALWAYS_SEARCH_USER_PATHS = NO;
				CLANG_ANALYZER_NONNULL = YES;
				CLANG_CXX_LANGUAGE_STANDARD = "gnu++0x";
				CLANG_CXX_LIBRARY = "libc++";
				CLANG_ENABLE_MODULES = YES;
				CLANG_ENABLE_OBJC_ARC = YES;
				CLANG_WARN_BOOL_CONVERSION = YES;
				CLANG_WARN_CONSTANT_CONVERSION = YES;
				CLANG_WARN_DIRECT_OBJC_ISA_USAGE = YES_ERROR;
				CLANG_WARN_DOCUMENTATION_COMMENTS = YES;
				CLANG_WARN_EMPTY_BODY = YES;
				CLANG_WARN_ENUM_CONVERSION = YES;
				CLANG_WARN_INFINITE_RECURSION = YES;
				CLANG_WARN_INT_CONVERSION = YES;
				CLANG_WARN_OBJC_ROOT_CLASS = YES_ERROR;
				CLANG_WARN_SUSPICIOUS_MOVE = YES;
				CLANG_WARN_SUSPICIOUS_MOVES = YES;
				CLANG_WARN_UNREACHABLE_CODE = YES;
				CLANG_WARN__DUPLICATE_METHOD_MATCH = YES;
				"CODE_SIGN_IDENTITY[sdk=iphoneos*]" = "iPhone Developer";
				COPY_PHASE_STRIP = NO;
				DEBUG_INFORMATION_FORMAT = "dwarf-with-dsym";
				ENABLE_NS_ASSERTIONS = NO;
				ENABLE_STRICT_OBJC_MSGSEND = YES;
				GCC_C_LANGUAGE_STANDARD = gnu99;
				GCC_NO_COMMON_BLOCKS = YES;
				GCC_WARN_64_TO_32_BIT_CONVERSION = YES;
				GCC_WARN_ABOUT_RETURN_TYPE = YES_ERROR;
				GCC_WARN_UNDECLARED_SELECTOR = YES;
				GCC_WARN_UNINITIALIZED_AUTOS = YES_AGGRESSIVE;
				GCC_WARN_UNUSED_FUNCTION = YES;
				GCC_WARN_UNUSED_VARIABLE = YES;
				IPHONEOS_DEPLOYMENT_TARGET = 10.1;
				MTL_ENABLE_DEBUG_INFO = NO;
				SDKROOT = iphoneos;
				SWIFT_OPTIMIZATION_LEVEL = "-Owholemodule";
				VALIDATE_PRODUCT = YES;
			};
			name = Release;
		};
		68A62F001DE076140079FD05 /* Debug */ = {
			isa = XCBuildConfiguration;
			baseConfigurationReference = 426CA345F284BDB357520A75 /* Pods-bicycleMapApp.debug.xcconfig */;
			buildSettings = {
				ALWAYS_EMBED_SWIFT_STANDARD_LIBRARIES = YES;
				ASSETCATALOG_COMPILER_APPICON_NAME = AppIcon;
				INFOPLIST_FILE = bicycleMapApp/Info.plist;
				LD_RUNPATH_SEARCH_PATHS = "$(inherited) @executable_path/Frameworks";
				PRODUCT_BUNDLE_IDENTIFIER = com.jun.bicycleMapApp;
				PRODUCT_NAME = "$(TARGET_NAME)";
				SWIFT_VERSION = 3.0;
			};
			name = Debug;
		};
		68A62F011DE076140079FD05 /* Release */ = {
			isa = XCBuildConfiguration;
			baseConfigurationReference = 907711233AC46272F1210C33 /* Pods-bicycleMapApp.release.xcconfig */;
			buildSettings = {
				ALWAYS_EMBED_SWIFT_STANDARD_LIBRARIES = YES;
				ASSETCATALOG_COMPILER_APPICON_NAME = AppIcon;
				INFOPLIST_FILE = bicycleMapApp/Info.plist;
				LD_RUNPATH_SEARCH_PATHS = "$(inherited) @executable_path/Frameworks";
				PRODUCT_BUNDLE_IDENTIFIER = com.jun.bicycleMapApp;
				PRODUCT_NAME = "$(TARGET_NAME)";
				SWIFT_VERSION = 3.0;
			};
			name = Release;
		};
/* End XCBuildConfiguration section */

/* Begin XCConfigurationList section */
		68A62EE81DE076140079FD05 /* Build configuration list for PBXProject "bicycleMapApp" */ = {
			isa = XCConfigurationList;
			buildConfigurations = (
				68A62EFD1DE076140079FD05 /* Debug */,
				68A62EFE1DE076140079FD05 /* Release */,
			);
			defaultConfigurationIsVisible = 0;
			defaultConfigurationName = Release;
		};
		68A62EFF1DE076140079FD05 /* Build configuration list for PBXNativeTarget "bicycleMapApp" */ = {
			isa = XCConfigurationList;
			buildConfigurations = (
				68A62F001DE076140079FD05 /* Debug */,
				68A62F011DE076140079FD05 /* Release */,
			);
			defaultConfigurationIsVisible = 0;
			defaultConfigurationName = Release;
		};
/* End XCConfigurationList section */
	};
	rootObject = 68A62EE51DE076140079FD05 /* Project object */;
}
